
Microsoft Visual Studio Solution File, Format Version 12.00
# Visual Studio Version 16
VisualStudioVersion = 16.6.30114.105
MinimumVisualStudioVersion = 10.0.40219.1
Project("{2150E333-8FDC-42A3-9474-1A3956D46DE8}") = "Solution Items", "Solution Items", "{745B0F45-B16D-4DA0-8A6F-B70755641FC3}"
	ProjectSection(SolutionItems) = preProject
		..\.gitignore = ..\.gitignore
		..\.gitlab-ci.yml = ..\.gitlab-ci.yml
		..\.gitmodules = ..\.gitmodules
		..\LICENSE.md = ..\LICENSE.md
		..\README.md = ..\README.md
		..\THIRD_PARTY_LICENSES.md = ..\THIRD_PARTY_LICENSES.md
	EndProjectSection
EndProject
Project("{2150E333-8FDC-42A3-9474-1A3956D46DE8}") = "modules", "modules", "{98D25974-13AE-42FE-A414-105259343961}"
EndProject
Project("{9A19103F-16F7-4668-BE54-9A1E7A4F7556}") = "FluiTec.AppFx.Console", "FluiTec.AppFx.Console\FluiTec.AppFx.Console.csproj", "{E78F7E02-9A2B-48B0-9AD5-31454F4E5983}"
EndProject
Project("{2150E333-8FDC-42A3-9474-1A3956D46DE8}") = "tests", "tests", "{E3E5E087-A89B-4EC8-A383-687BF169BC8F}"
EndProject
Project("{2150E333-8FDC-42A3-9474-1A3956D46DE8}") = "samples", "samples", "{741403EF-AE57-47A5-91DA-DFC4BC9377D5}"
EndProject
Project("{9A19103F-16F7-4668-BE54-9A1E7A4F7556}") = "FluiTec.AppFx.Options", "..\fluitec.appfx.options\src\FluiTec.AppFx.Options\FluiTec.AppFx.Options.csproj", "{E65D5232-CA87-4BDA-8AF0-F5E68FB3AD7D}"
EndProject
Project("{9A19103F-16F7-4668-BE54-9A1E7A4F7556}") = "SimpleSample", "samples\SimpleSample\SimpleSample.csproj", "{1408EB78-8870-48FA-ABF1-E08ADD5A71D1}"
EndProject
Project("{9A19103F-16F7-4668-BE54-9A1E7A4F7556}") = "FluiTec.AppFx.Data", "..\fluitec.appfx.data\src\FluiTec.AppFx.Data\FluiTec.AppFx.Data.csproj", "{C57C4937-D08D-4D78-AD48-D361A810926E}"
EndProject
Project("{9A19103F-16F7-4668-BE54-9A1E7A4F7556}") = "FluiTec.AppFx.Data.Dapper", "..\fluitec.appfx.data\src\FluiTec.AppFx.Data.Dapper\FluiTec.AppFx.Data.Dapper.csproj", "{1E06E478-F603-480E-B29B-EF22F3D41FC4}"
EndProject
Project("{9A19103F-16F7-4668-BE54-9A1E7A4F7556}") = "FluiTec.AppFx.Data.Dapper.Mssql", "..\fluitec.appfx.data\src\FluiTec.AppFx.Data.Dapper.Mssql\FluiTec.AppFx.Data.Dapper.Mssql.csproj", "{2F2CFE08-8276-4A29-8A59-2DB5DD22A4EF}"
EndProject
Project("{9A19103F-16F7-4668-BE54-9A1E7A4F7556}") = "FluiTec.AppFx.Data.Dapper.Mysql", "..\fluitec.appfx.data\src\FluiTec.AppFx.Data.Dapper.Mysql\FluiTec.AppFx.Data.Dapper.Mysql.csproj", "{13E8A096-F879-4A77-9CFE-7BDA8974E822}"
EndProject
Project("{9A19103F-16F7-4668-BE54-9A1E7A4F7556}") = "FluiTec.AppFx.Data.Dapper.Pgsql", "..\fluitec.appfx.data\src\FluiTec.AppFx.Data.Dapper.Pgsql\FluiTec.AppFx.Data.Dapper.Pgsql.csproj", "{384EF0D8-3AEE-4753-8D00-F2F64DC14847}"
EndProject
Project("{9A19103F-16F7-4668-BE54-9A1E7A4F7556}") = "FluiTec.AppFx.Data.Dapper.SqLite", "..\fluitec.appfx.data\src\FluiTec.AppFx.Data.Dapper.SqLite\FluiTec.AppFx.Data.Dapper.SqLite.csproj", "{0C395253-B556-4AA9-ADAA-B908B3029DBA}"
EndProject
Project("{9A19103F-16F7-4668-BE54-9A1E7A4F7556}") = "FluiTec.AppFx.Data.Dynamic", "..\fluitec.appfx.data\src\FluiTec.AppFx.Data.Dynamic\FluiTec.AppFx.Data.Dynamic.csproj", "{17BF5A6D-4DAF-4BAF-B008-71A424E0D1AC}"
EndProject
Project("{9A19103F-16F7-4668-BE54-9A1E7A4F7556}") = "FluiTec.AppFx.Data.LiteDb", "..\fluitec.appfx.data\src\FluiTec.AppFx.Data.LiteDb\FluiTec.AppFx.Data.LiteDb.csproj", "{8FE06219-36FF-47FF-B342-72517A804DFC}"
EndProject
Project("{9A19103F-16F7-4668-BE54-9A1E7A4F7556}") = "FluiTec.AppFx.Data.Sql", "..\fluitec.appfx.data\src\FluiTec.AppFx.Data.Sql\FluiTec.AppFx.Data.Sql.csproj", "{42F031F6-3E4B-44B0-9B6C-15E1F85C754B}"
EndProject
Global
	GlobalSection(SolutionConfigurationPlatforms) = preSolution
		Debug|Any CPU = Debug|Any CPU
		Debug|x64 = Debug|x64
		Debug|x86 = Debug|x86
		Release|Any CPU = Release|Any CPU
		Release|x64 = Release|x64
		Release|x86 = Release|x86
	EndGlobalSection
	GlobalSection(ProjectConfigurationPlatforms) = postSolution
		{E78F7E02-9A2B-48B0-9AD5-31454F4E5983}.Debug|Any CPU.ActiveCfg = Debug|Any CPU
		{E78F7E02-9A2B-48B0-9AD5-31454F4E5983}.Debug|Any CPU.Build.0 = Debug|Any CPU
		{E78F7E02-9A2B-48B0-9AD5-31454F4E5983}.Debug|x64.ActiveCfg = Debug|Any CPU
		{E78F7E02-9A2B-48B0-9AD5-31454F4E5983}.Debug|x64.Build.0 = Debug|Any CPU
		{E78F7E02-9A2B-48B0-9AD5-31454F4E5983}.Debug|x86.ActiveCfg = Debug|Any CPU
		{E78F7E02-9A2B-48B0-9AD5-31454F4E5983}.Debug|x86.Build.0 = Debug|Any CPU
		{E78F7E02-9A2B-48B0-9AD5-31454F4E5983}.Release|Any CPU.ActiveCfg = Release|Any CPU
		{E78F7E02-9A2B-48B0-9AD5-31454F4E5983}.Release|Any CPU.Build.0 = Release|Any CPU
		{E78F7E02-9A2B-48B0-9AD5-31454F4E5983}.Release|x64.ActiveCfg = Release|Any CPU
		{E78F7E02-9A2B-48B0-9AD5-31454F4E5983}.Release|x64.Build.0 = Release|Any CPU
		{E78F7E02-9A2B-48B0-9AD5-31454F4E5983}.Release|x86.ActiveCfg = Release|Any CPU
		{E78F7E02-9A2B-48B0-9AD5-31454F4E5983}.Release|x86.Build.0 = Release|Any CPU
		{E65D5232-CA87-4BDA-8AF0-F5E68FB3AD7D}.Debug|Any CPU.ActiveCfg = Debug|Any CPU
		{E65D5232-CA87-4BDA-8AF0-F5E68FB3AD7D}.Debug|Any CPU.Build.0 = Debug|Any CPU
		{E65D5232-CA87-4BDA-8AF0-F5E68FB3AD7D}.Debug|x64.ActiveCfg = Debug|Any CPU
		{E65D5232-CA87-4BDA-8AF0-F5E68FB3AD7D}.Debug|x64.Build.0 = Debug|Any CPU
		{E65D5232-CA87-4BDA-8AF0-F5E68FB3AD7D}.Debug|x86.ActiveCfg = Debug|Any CPU
		{E65D5232-CA87-4BDA-8AF0-F5E68FB3AD7D}.Debug|x86.Build.0 = Debug|Any CPU
		{E65D5232-CA87-4BDA-8AF0-F5E68FB3AD7D}.Release|Any CPU.ActiveCfg = Release|Any CPU
		{E65D5232-CA87-4BDA-8AF0-F5E68FB3AD7D}.Release|Any CPU.Build.0 = Release|Any CPU
		{E65D5232-CA87-4BDA-8AF0-F5E68FB3AD7D}.Release|x64.ActiveCfg = Release|Any CPU
		{E65D5232-CA87-4BDA-8AF0-F5E68FB3AD7D}.Release|x64.Build.0 = Release|Any CPU
		{E65D5232-CA87-4BDA-8AF0-F5E68FB3AD7D}.Release|x86.ActiveCfg = Release|Any CPU
		{E65D5232-CA87-4BDA-8AF0-F5E68FB3AD7D}.Release|x86.Build.0 = Release|Any CPU
		{1408EB78-8870-48FA-ABF1-E08ADD5A71D1}.Debug|Any CPU.ActiveCfg = Debug|Any CPU
		{1408EB78-8870-48FA-ABF1-E08ADD5A71D1}.Debug|Any CPU.Build.0 = Debug|Any CPU
		{1408EB78-8870-48FA-ABF1-E08ADD5A71D1}.Debug|x64.ActiveCfg = Debug|Any CPU
		{1408EB78-8870-48FA-ABF1-E08ADD5A71D1}.Debug|x64.Build.0 = Debug|Any CPU
		{1408EB78-8870-48FA-ABF1-E08ADD5A71D1}.Debug|x86.ActiveCfg = Debug|Any CPU
		{1408EB78-8870-48FA-ABF1-E08ADD5A71D1}.Debug|x86.Build.0 = Debug|Any CPU
		{1408EB78-8870-48FA-ABF1-E08ADD5A71D1}.Release|Any CPU.ActiveCfg = Release|Any CPU
		{1408EB78-8870-48FA-ABF1-E08ADD5A71D1}.Release|Any CPU.Build.0 = Release|Any CPU
		{1408EB78-8870-48FA-ABF1-E08ADD5A71D1}.Release|x64.ActiveCfg = Release|Any CPU
		{1408EB78-8870-48FA-ABF1-E08ADD5A71D1}.Release|x64.Build.0 = Release|Any CPU
		{1408EB78-8870-48FA-ABF1-E08ADD5A71D1}.Release|x86.ActiveCfg = Release|Any CPU
		{1408EB78-8870-48FA-ABF1-E08ADD5A71D1}.Release|x86.Build.0 = Release|Any CPU
		{C57C4937-D08D-4D78-AD48-D361A810926E}.Debug|Any CPU.ActiveCfg = Debug|Any CPU
		{C57C4937-D08D-4D78-AD48-D361A810926E}.Debug|Any CPU.Build.0 = Debug|Any CPU
		{C57C4937-D08D-4D78-AD48-D361A810926E}.Debug|x64.ActiveCfg = Debug|Any CPU
		{C57C4937-D08D-4D78-AD48-D361A810926E}.Debug|x64.Build.0 = Debug|Any CPU
		{C57C4937-D08D-4D78-AD48-D361A810926E}.Debug|x86.ActiveCfg = Debug|Any CPU
		{C57C4937-D08D-4D78-AD48-D361A810926E}.Debug|x86.Build.0 = Debug|Any CPU
		{C57C4937-D08D-4D78-AD48-D361A810926E}.Release|Any CPU.ActiveCfg = Release|Any CPU
		{C57C4937-D08D-4D78-AD48-D361A810926E}.Release|Any CPU.Build.0 = Release|Any CPU
		{C57C4937-D08D-4D78-AD48-D361A810926E}.Release|x64.ActiveCfg = Release|Any CPU
		{C57C4937-D08D-4D78-AD48-D361A810926E}.Release|x64.Build.0 = Release|Any CPU
		{C57C4937-D08D-4D78-AD48-D361A810926E}.Release|x86.ActiveCfg = Release|Any CPU
		{C57C4937-D08D-4D78-AD48-D361A810926E}.Release|x86.Build.0 = Release|Any CPU
		{1E06E478-F603-480E-B29B-EF22F3D41FC4}.Debug|Any CPU.ActiveCfg = Debug|Any CPU
		{1E06E478-F603-480E-B29B-EF22F3D41FC4}.Debug|Any CPU.Build.0 = Debug|Any CPU
		{1E06E478-F603-480E-B29B-EF22F3D41FC4}.Debug|x64.ActiveCfg = Debug|Any CPU
		{1E06E478-F603-480E-B29B-EF22F3D41FC4}.Debug|x64.Build.0 = Debug|Any CPU
		{1E06E478-F603-480E-B29B-EF22F3D41FC4}.Debug|x86.ActiveCfg = Debug|Any CPU
		{1E06E478-F603-480E-B29B-EF22F3D41FC4}.Debug|x86.Build.0 = Debug|Any CPU
		{1E06E478-F603-480E-B29B-EF22F3D41FC4}.Release|Any CPU.ActiveCfg = Release|Any CPU
		{1E06E478-F603-480E-B29B-EF22F3D41FC4}.Release|Any CPU.Build.0 = Release|Any CPU
		{1E06E478-F603-480E-B29B-EF22F3D41FC4}.Release|x64.ActiveCfg = Release|Any CPU
		{1E06E478-F603-480E-B29B-EF22F3D41FC4}.Release|x64.Build.0 = Release|Any CPU
		{1E06E478-F603-480E-B29B-EF22F3D41FC4}.Release|x86.ActiveCfg = Release|Any CPU
		{1E06E478-F603-480E-B29B-EF22F3D41FC4}.Release|x86.Build.0 = Release|Any CPU
		{2F2CFE08-8276-4A29-8A59-2DB5DD22A4EF}.Debug|Any CPU.ActiveCfg = Debug|Any CPU
		{2F2CFE08-8276-4A29-8A59-2DB5DD22A4EF}.Debug|Any CPU.Build.0 = Debug|Any CPU
		{2F2CFE08-8276-4A29-8A59-2DB5DD22A4EF}.Debug|x64.ActiveCfg = Debug|Any CPU
		{2F2CFE08-8276-4A29-8A59-2DB5DD22A4EF}.Debug|x64.Build.0 = Debug|Any CPU
		{2F2CFE08-8276-4A29-8A59-2DB5DD22A4EF}.Debug|x86.ActiveCfg = Debug|Any CPU
		{2F2CFE08-8276-4A29-8A59-2DB5DD22A4EF}.Debug|x86.Build.0 = Debug|Any CPU
		{2F2CFE08-8276-4A29-8A59-2DB5DD22A4EF}.Release|Any CPU.ActiveCfg = Release|Any CPU
		{2F2CFE08-8276-4A29-8A59-2DB5DD22A4EF}.Release|Any CPU.Build.0 = Release|Any CPU
		{2F2CFE08-8276-4A29-8A59-2DB5DD22A4EF}.Release|x64.ActiveCfg = Release|Any CPU
		{2F2CFE08-8276-4A29-8A59-2DB5DD22A4EF}.Release|x64.Build.0 = Release|Any CPU
		{2F2CFE08-8276-4A29-8A59-2DB5DD22A4EF}.Release|x86.ActiveCfg = Release|Any CPU
		{2F2CFE08-8276-4A29-8A59-2DB5DD22A4EF}.Release|x86.Build.0 = Release|Any CPU
		{13E8A096-F879-4A77-9CFE-7BDA8974E822}.Debug|Any CPU.ActiveCfg = Debug|Any CPU
		{13E8A096-F879-4A77-9CFE-7BDA8974E822}.Debug|Any CPU.Build.0 = Debug|Any CPU
		{13E8A096-F879-4A77-9CFE-7BDA8974E822}.Debug|x64.ActiveCfg = Debug|Any CPU
		{13E8A096-F879-4A77-9CFE-7BDA8974E822}.Debug|x64.Build.0 = Debug|Any CPU
		{13E8A096-F879-4A77-9CFE-7BDA8974E822}.Debug|x86.ActiveCfg = Debug|Any CPU
		{13E8A096-F879-4A77-9CFE-7BDA8974E822}.Debug|x86.Build.0 = Debug|Any CPU
		{13E8A096-F879-4A77-9CFE-7BDA8974E822}.Release|Any CPU.ActiveCfg = Release|Any CPU
		{13E8A096-F879-4A77-9CFE-7BDA8974E822}.Release|Any CPU.Build.0 = Release|Any CPU
		{13E8A096-F879-4A77-9CFE-7BDA8974E822}.Release|x64.ActiveCfg = Release|Any CPU
		{13E8A096-F879-4A77-9CFE-7BDA8974E822}.Release|x64.Build.0 = Release|Any CPU
		{13E8A096-F879-4A77-9CFE-7BDA8974E822}.Release|x86.ActiveCfg = Release|Any CPU
		{13E8A096-F879-4A77-9CFE-7BDA8974E822}.Release|x86.Build.0 = Release|Any CPU
		{384EF0D8-3AEE-4753-8D00-F2F64DC14847}.Debug|Any CPU.ActiveCfg = Debug|Any CPU
		{384EF0D8-3AEE-4753-8D00-F2F64DC14847}.Debug|Any CPU.Build.0 = Debug|Any CPU
		{384EF0D8-3AEE-4753-8D00-F2F64DC14847}.Debug|x64.ActiveCfg = Debug|Any CPU
		{384EF0D8-3AEE-4753-8D00-F2F64DC14847}.Debug|x64.Build.0 = Debug|Any CPU
		{384EF0D8-3AEE-4753-8D00-F2F64DC14847}.Debug|x86.ActiveCfg = Debug|Any CPU
		{384EF0D8-3AEE-4753-8D00-F2F64DC14847}.Debug|x86.Build.0 = Debug|Any CPU
		{384EF0D8-3AEE-4753-8D00-F2F64DC14847}.Release|Any CPU.ActiveCfg = Release|Any CPU
		{384EF0D8-3AEE-4753-8D00-F2F64DC14847}.Release|Any CPU.Build.0 = Release|Any CPU
		{384EF0D8-3AEE-4753-8D00-F2F64DC14847}.Release|x64.ActiveCfg = Release|Any CPU
		{384EF0D8-3AEE-4753-8D00-F2F64DC14847}.Release|x64.Build.0 = Release|Any CPU
		{384EF0D8-3AEE-4753-8D00-F2F64DC14847}.Release|x86.ActiveCfg = Release|Any CPU
		{384EF0D8-3AEE-4753-8D00-F2F64DC14847}.Release|x86.Build.0 = Release|Any CPU
		{0C395253-B556-4AA9-ADAA-B908B3029DBA}.Debug|Any CPU.ActiveCfg = Debug|Any CPU
		{0C395253-B556-4AA9-ADAA-B908B3029DBA}.Debug|Any CPU.Build.0 = Debug|Any CPU
		{0C395253-B556-4AA9-ADAA-B908B3029DBA}.Debug|x64.ActiveCfg = Debug|Any CPU
		{0C395253-B556-4AA9-ADAA-B908B3029DBA}.Debug|x64.Build.0 = Debug|Any CPU
		{0C395253-B556-4AA9-ADAA-B908B3029DBA}.Debug|x86.ActiveCfg = Debug|Any CPU
		{0C395253-B556-4AA9-ADAA-B908B3029DBA}.Debug|x86.Build.0 = Debug|Any CPU
		{0C395253-B556-4AA9-ADAA-B908B3029DBA}.Release|Any CPU.ActiveCfg = Release|Any CPU
		{0C395253-B556-4AA9-ADAA-B908B3029DBA}.Release|Any CPU.Build.0 = Release|Any CPU
		{0C395253-B556-4AA9-ADAA-B908B3029DBA}.Release|x64.ActiveCfg = Release|Any CPU
		{0C395253-B556-4AA9-ADAA-B908B3029DBA}.Release|x64.Build.0 = Release|Any CPU
		{0C395253-B556-4AA9-ADAA-B908B3029DBA}.Release|x86.ActiveCfg = Release|Any CPU
		{0C395253-B556-4AA9-ADAA-B908B3029DBA}.Release|x86.Build.0 = Release|Any CPU
		{17BF5A6D-4DAF-4BAF-B008-71A424E0D1AC}.Debug|Any CPU.ActiveCfg = Debug|Any CPU
		{17BF5A6D-4DAF-4BAF-B008-71A424E0D1AC}.Debug|Any CPU.Build.0 = Debug|Any CPU
		{17BF5A6D-4DAF-4BAF-B008-71A424E0D1AC}.Debug|x64.ActiveCfg = Debug|Any CPU
		{17BF5A6D-4DAF-4BAF-B008-71A424E0D1AC}.Debug|x64.Build.0 = Debug|Any CPU
		{17BF5A6D-4DAF-4BAF-B008-71A424E0D1AC}.Debug|x86.ActiveCfg = Debug|Any CPU
		{17BF5A6D-4DAF-4BAF-B008-71A424E0D1AC}.Debug|x86.Build.0 = Debug|Any CPU
		{17BF5A6D-4DAF-4BAF-B008-71A424E0D1AC}.Release|Any CPU.ActiveCfg = Release|Any CPU
		{17BF5A6D-4DAF-4BAF-B008-71A424E0D1AC}.Release|Any CPU.Build.0 = Release|Any CPU
		{17BF5A6D-4DAF-4BAF-B008-71A424E0D1AC}.Release|x64.ActiveCfg = Release|Any CPU
		{17BF5A6D-4DAF-4BAF-B008-71A424E0D1AC}.Release|x64.Build.0 = Release|Any CPU
		{17BF5A6D-4DAF-4BAF-B008-71A424E0D1AC}.Release|x86.ActiveCfg = Release|Any CPU
		{17BF5A6D-4DAF-4BAF-B008-71A424E0D1AC}.Release|x86.Build.0 = Release|Any CPU
		{8FE06219-36FF-47FF-B342-72517A804DFC}.Debug|Any CPU.ActiveCfg = Debug|Any CPU
		{8FE06219-36FF-47FF-B342-72517A804DFC}.Debug|Any CPU.Build.0 = Debug|Any CPU
		{8FE06219-36FF-47FF-B342-72517A804DFC}.Debug|x64.ActiveCfg = Debug|Any CPU
		{8FE06219-36FF-47FF-B342-72517A804DFC}.Debug|x64.Build.0 = Debug|Any CPU
		{8FE06219-36FF-47FF-B342-72517A804DFC}.Debug|x86.ActiveCfg = Debug|Any CPU
		{8FE06219-36FF-47FF-B342-72517A804DFC}.Debug|x86.Build.0 = Debug|Any CPU
		{8FE06219-36FF-47FF-B342-72517A804DFC}.Release|Any CPU.ActiveCfg = Release|Any CPU
		{8FE06219-36FF-47FF-B342-72517A804DFC}.Release|Any CPU.Build.0 = Release|Any CPU
		{8FE06219-36FF-47FF-B342-72517A804DFC}.Release|x64.ActiveCfg = Release|Any CPU
		{8FE06219-36FF-47FF-B342-72517A804DFC}.Release|x64.Build.0 = Release|Any CPU
		{8FE06219-36FF-47FF-B342-72517A804DFC}.Release|x86.ActiveCfg = Release|Any CPU
		{8FE06219-36FF-47FF-B342-72517A804DFC}.Release|x86.Build.0 = Release|Any CPU
		{42F031F6-3E4B-44B0-9B6C-15E1F85C754B}.Debug|Any CPU.ActiveCfg = Debug|Any CPU
		{42F031F6-3E4B-44B0-9B6C-15E1F85C754B}.Debug|Any CPU.Build.0 = Debug|Any CPU
		{42F031F6-3E4B-44B0-9B6C-15E1F85C754B}.Debug|x64.ActiveCfg = Debug|Any CPU
		{42F031F6-3E4B-44B0-9B6C-15E1F85C754B}.Debug|x64.Build.0 = Debug|Any CPU
		{42F031F6-3E4B-44B0-9B6C-15E1F85C754B}.Debug|x86.ActiveCfg = Debug|Any CPU
		{42F031F6-3E4B-44B0-9B6C-15E1F85C754B}.Debug|x86.Build.0 = Debug|Any CPU
		{42F031F6-3E4B-44B0-9B6C-15E1F85C754B}.Release|Any CPU.ActiveCfg = Release|Any CPU
		{42F031F6-3E4B-44B0-9B6C-15E1F85C754B}.Release|Any CPU.Build.0 = Release|Any CPU
		{42F031F6-3E4B-44B0-9B6C-15E1F85C754B}.Release|x64.ActiveCfg = Release|Any CPU
		{42F031F6-3E4B-44B0-9B6C-15E1F85C754B}.Release|x64.Build.0 = Release|Any CPU
		{42F031F6-3E4B-44B0-9B6C-15E1F85C754B}.Release|x86.ActiveCfg = Release|Any CPU
		{42F031F6-3E4B-44B0-9B6C-15E1F85C754B}.Release|x86.Build.0 = Release|Any CPU
	EndGlobalSection
	GlobalSection(SolutionProperties) = preSolution
		HideSolutionNode = FALSE
	EndGlobalSection
	GlobalSection(NestedProjects) = preSolution
		{E65D5232-CA87-4BDA-8AF0-F5E68FB3AD7D} = {98D25974-13AE-42FE-A414-105259343961}
		{1408EB78-8870-48FA-ABF1-E08ADD5A71D1} = {741403EF-AE57-47A5-91DA-DFC4BC9377D5}
		{C57C4937-D08D-4D78-AD48-D361A810926E} = {98D25974-13AE-42FE-A414-105259343961}
		{1E06E478-F603-480E-B29B-EF22F3D41FC4} = {98D25974-13AE-42FE-A414-105259343961}
		{2F2CFE08-8276-4A29-8A59-2DB5DD22A4EF} = {98D25974-13AE-42FE-A414-105259343961}
		{13E8A096-F879-4A77-9CFE-7BDA8974E822} = {98D25974-13AE-42FE-A414-105259343961}
		{384EF0D8-3AEE-4753-8D00-F2F64DC14847} = {98D25974-13AE-42FE-A414-105259343961}
		{0C395253-B556-4AA9-ADAA-B908B3029DBA} = {98D25974-13AE-42FE-A414-105259343961}
		{17BF5A6D-4DAF-4BAF-B008-71A424E0D1AC} = {98D25974-13AE-42FE-A414-105259343961}
		{8FE06219-36FF-47FF-B342-72517A804DFC} = {98D25974-13AE-42FE-A414-105259343961}
		{42F031F6-3E4B-44B0-9B6C-15E1F85C754B} = {98D25974-13AE-42FE-A414-105259343961}
	EndGlobalSection
	GlobalSection(ExtensibilityGlobals) = postSolution
		SolutionGuid = {C9013DE6-1292-48E0-86C8-C3A0FA9674A8}
	EndGlobalSection
EndGlobal
